{
  "nodes": {
    "disko": {
      "inputs": {
        "nixpkgs": [
          "nixpkgs"
        ]
      },
      "locked": {
        "lastModified": 1730135292,
        "narHash": "sha256-CI27qHAbc3/tIe8sb37kiHNaeCqGxNimckCMj0lW5kg=",
        "owner": "nix-community",
        "repo": "disko",
        "rev": "ab58501b2341bc5e0fc88f2f5983a679b075ddf5",
        "type": "github"
      },
      "original": {
        "owner": "nix-community",
        "ref": "latest",
        "repo": "disko",
        "type": "github"
      }
    },
    "home-manager": {
      "inputs": {
        "nixpkgs": [
          "nixpkgs"
        ]
      },
      "locked": {
        "lastModified": 1726989464,
        "narHash": "sha256-Vl+WVTJwutXkimwGprnEtXc/s/s8sMuXzqXaspIGlwM=",
        "owner": "nix-community",
        "repo": "home-manager",
        "rev": "2f23fa308a7c067e52dfcc30a0758f47043ec176",
        "type": "github"
      },
      "original": {
        "owner": "nix-community",
        "ref": "release-24.05",
        "repo": "home-manager",
        "type": "github"
      }
    },
    "impermanence": {
      "locked": {
        "lastModified": 1729068498,
        "narHash": "sha256-C2sGRJl1EmBq0nO98TNd4cbUy20ABSgnHWXLIJQWRFA=",
        "owner": "nix-community",
        "repo": "impermanence",
        "rev": "e337457502571b23e449bf42153d7faa10c0a562",
        "type": "github"
      },
      "original": {
        "owner": "nix-community",
        "repo": "impermanence",
        "type": "github"
      }
    },
    "nixpkgs": {
      "locked": {
        "lastModified": 1730137625,
        "narHash": "sha256-9z8oOgFZiaguj+bbi3k4QhAD6JabWrnv7fscC/mt0KE=",
        "owner": "NixOS",
        "repo": "nixpkgs",
        "rev": "64b80bfb316b57cdb8919a9110ef63393d74382a",
        "type": "github"
      },
      "original": {
        "owner": "NixOS",
        "ref": "nixos-24.05",
        "repo": "nixpkgs",
        "type": "github"
      }
    },
    "nixpkgs-unstable": {
      "locked": {
        "lastModified": 1734424634,
        "narHash": "sha256-cHar1vqHOOyC7f1+tVycPoWTfKIaqkoe1Q6TnKzuti4=",
        "owner": "NixOS",
        "repo": "nixpkgs",
        "rev": "d3c42f187194c26d9f0309a8ecc469d6c878ce33",
        "type": "github"
      },
      "original": {
        "owner": "NixOS",
        "ref": "nixos-unstable",
        "repo": "nixpkgs",
        "type": "github"
      }
    },
    "root": {
      "inputs": {
        "disko": "disko",
        "home-manager": "home-manager",
        "impermanence": "impermanence",
        "nixpkgs": "nixpkgs",
        "nixpkgs-unstable": "nixpkgs-unstable"
      }
    }
  },
  "root": "root",
  "version": 7
}
